lockfileVersion: '6.0'

settings:
  autoInstallPeers: true
  excludeLinksFromLockfile: false

devDependencies:
  typescript:
    specifier: ^6.0.3
    version: 6.0.3
  zod:
    specifier: ^4.4.2
    version: 4.4.2

packages:

  /typescript@6.0.3:
    resolution: {integrity: sha512-y2TvuxSZPDyQakkFRPZHKFm+KKVqIisdg9/CZwm9ftvKXLP8NRWj38/ODjNbr43SsoXqNuAisEf1GdCxqWcdBw==}
    engines: {node: '>=14.17'}
    hasBin: true
    dev: true

  /zod@4.4.2:
    resolution: {integrity: sha512-IynmDyxsEsb9RKzO3J9+4SxXnl2FTFSzNBaKKaMV6tsSk0rw9gYw9gs+JFCq/qk2LCZ78KDwyj+Z289TijSkUw==}
    dev: true
